
Microsoft Visual Studio Solution File, Format Version 12.00
# Visual Studio 14
VisualStudioVersion = 14.0.25420.1
MinimumVisualStudioVersion = 10.0.40219.1
Project("{2150E333-8FDC-42A3-9474-1A3956D46DE8}") = "Deps", "Deps", "{26D83D6E-31B7-44F2-AA02-F353A0D79023}"
EndProject
Project("{2150E333-8FDC-42A3-9474-1A3956D46DE8}") = "Regression Tests", "Regression Tests", "{D75FF316-E3D5-4DB1-A51E-B139987AF667}"
EndProject
Project("{2150E333-8FDC-42A3-9474-1A3956D46DE8}") = "Stresstest", "Stresstest", "{D056DAF7-2214-485C-89CA-E92BF1296860}"
EndProject
Project("{2150E333-8FDC-42A3-9474-1A3956D46DE8}") = "External", "External", "{2668DB26-54D6-4D52-A34D-115B9EB0A8C8}"
EndProject
Project("{2150E333-8FDC-42A3-9474-1A3956D46DE8}") = "Integration", "Integration", "{F6EBE292-5529-4F68-B152-9A4DBC385127}"
EndProject
Project("{2150E333-8FDC-42A3-9474-1A3956D46DE8}") = "Apps", "Apps", "{F3EBF29C-2CCD-4115-BFFF-A783D74610F6}"
EndProject
Project("{8BC9CEB8-8B4A-11D0-8D11-00A0C91BC942}") = "orz", "deps\orz\orz.vcxproj", "{8AA1CD74-0FC8-4F7A-8299-81B6E5856181}"
EndProject
Project("{8BC9CEB8-8B4A-11D0-8D11-00A0C91BC942}") = "illa", "deps\illa\illa.vcxproj", "{F4FB9D4B-8041-4C4E-8EA3-7EA57B7CB1BA}"
EndProject
Project("{8BC9CEB8-8B4A-11D0-8D11-00A0C91BC942}") = "Pictus", "Pictus\Pictus.vcxproj", "{7BA6B263-61EB-473C-A7D5-95892E9FB829}"
EndProject
Project("{8BC9CEB8-8B4A-11D0-8D11-00A0C91BC942}") = "orztest", "orzTest\orztest.vcxproj", "{91FDB116-88B9-4EF9-B229-5E0B6E04D219}"
EndProject
Project("{8BC9CEB8-8B4A-11D0-8D11-00A0C91BC942}") = "UnitTest++", "deps\UnitTest++\UnitTest++.vcxproj", "{983C83BF-7EC1-470D-B231-52551DE422BA}"
EndProject
Project("{8BC9CEB8-8B4A-11D0-8D11-00A0C91BC942}") = "illatest", "illaTest\illatest.vcxproj", "{96454509-E3DF-45E5-B604-7D7B85A0FFEC}"
EndProject
Project("{8BC9CEB8-8B4A-11D0-8D11-00A0C91BC942}") = "Stresser", "Stresser\Stresser.vcxproj", "{B3A95275-FCF5-4457-9AE8-0B9916B0AECB}"
EndProject
Project("{8BC9CEB8-8B4A-11D0-8D11-00A0C91BC942}") = "pictustest", "pictustest\pictustest.vcxproj", "{96F8096C-0212-48AB-9DC3-5530E0751F4A}"
EndProject
Project("{8BC9CEB8-8B4A-11D0-8D11-00A0C91BC942}") = "PictThumbs", "PictThumbs\PictThumbs.vcxproj", "{567679D6-0128-4D5D-9CD3-A67269EF356F}"
EndProject
Project("{8BC9CEB8-8B4A-11D0-8D11-00A0C91BC942}") = "LoadTest", "LoadTest\LoadTest.vcxproj", "{18D79E3E-E045-49EE-BE35-09F4D9A65755}"
EndProject
Project("{8BC9CEB8-8B4A-11D0-8D11-00A0C91BC942}") = "FilterTest", "FilterTest\FilterTest.vcxproj", "{F108C408-570A-4375-968D-BB5BD54DABF6}"
EndProject
Project("{8BC9CEB8-8B4A-11D0-8D11-00A0C91BC942}") = "PictThumbsTest", "PictThumbsTest\PictThumbsTest.vcxproj", "{AD854D75-9A12-413E-AC8B-1F37296CB8DF}"
EndProject
Project("{8BC9CEB8-8B4A-11D0-8D11-00A0C91BC942}") = "ThumbDisplay", "ThumbDisplay\ThumbDisplay.vcxproj", "{B1F9D5BC-258D-4C55-A154-5ECDDF9641DE}"
EndProject
Project("{8BC9CEB8-8B4A-11D0-8D11-00A0C91BC942}") = "Metadata", "deps\Metadata\Metadata.vcxproj", "{F43EC854-1314-4297-837B-F2A7FBCA4B26}"
EndProject
Project("{8BC9CEB8-8B4A-11D0-8D11-00A0C91BC942}") = "MetadataTest", "MetadataTest\MetadataTest.vcxproj", "{9657A64A-DBBF-402E-8F0C-0EC509CD135C}"
EndProject
Project("{8BC9CEB8-8B4A-11D0-8D11-00A0C91BC942}") = "zlib", "3rdparty\zlib\zlib.vcxproj", "{371BEC1C-C55F-420C-85AC-8D6A380FED07}"
EndProject
Project("{8BC9CEB8-8B4A-11D0-8D11-00A0C91BC942}") = "libjpeg", "3rdparty\libjpeg\libjpeg.vcxproj", "{CE043068-1DFC-4EE4-8807-B43C3E3FD32F}"
EndProject
Project("{8BC9CEB8-8B4A-11D0-8D11-00A0C91BC942}") = "libpng", "3rdparty\libpng\libpng.vcxproj", "{15071DB1-867F-4F3E-AE63-2A03713C8784}"
EndProject
Project("{8BC9CEB8-8B4A-11D0-8D11-00A0C91BC942}") = "libtiff", "3rdparty\libtiff\libtiff.vcxproj", "{ED1F9F50-9D05-404D-8B7F-CECD41E76BB5}"
EndProject
Project("{8BC9CEB8-8B4A-11D0-8D11-00A0C91BC942}") = "libwebp", "3rdparty\libwebp\libwebp.vcxproj", "{E4AB566E-3439-41DE-9E9A-F8D577844DFB}"
EndProject
Global
	GlobalSection(SolutionConfigurationPlatforms) = preSolution
		Debug|Win32 = Debug|Win32
		Debug|x64 = Debug|x64
		Release|Win32 = Release|Win32
		Release|x64 = Release|x64
	EndGlobalSection
	GlobalSection(ProjectConfigurationPlatforms) = postSolution
		{8AA1CD74-0FC8-4F7A-8299-81B6E5856181}.Debug|Win32.ActiveCfg = Debug|Win32
		{8AA1CD74-0FC8-4F7A-8299-81B6E5856181}.Debug|Win32.Build.0 = Debug|Win32
		{8AA1CD74-0FC8-4F7A-8299-81B6E5856181}.Debug|x64.ActiveCfg = Debug|x64
		{8AA1CD74-0FC8-4F7A-8299-81B6E5856181}.Debug|x64.Build.0 = Debug|x64
		{8AA1CD74-0FC8-4F7A-8299-81B6E5856181}.Release|Win32.ActiveCfg = Release|Win32
		{8AA1CD74-0FC8-4F7A-8299-81B6E5856181}.Release|Win32.Build.0 = Release|Win32
		{8AA1CD74-0FC8-4F7A-8299-81B6E5856181}.Release|x64.ActiveCfg = Release|x64
		{8AA1CD74-0FC8-4F7A-8299-81B6E5856181}.Release|x64.Build.0 = Release|x64
		{F4FB9D4B-8041-4C4E-8EA3-7EA57B7CB1BA}.Debug|Win32.ActiveCfg = Debug|Win32
		{F4FB9D4B-8041-4C4E-8EA3-7EA57B7CB1BA}.Debug|Win32.Build.0 = Debug|Win32
		{F4FB9D4B-8041-4C4E-8EA3-7EA57B7CB1BA}.Debug|x64.ActiveCfg = Debug|x64
		{F4FB9D4B-8041-4C4E-8EA3-7EA57B7CB1BA}.Debug|x64.Build.0 = Debug|x64
		{F4FB9D4B-8041-4C4E-8EA3-7EA57B7CB1BA}.Release|Win32.ActiveCfg = Release|Win32
		{F4FB9D4B-8041-4C4E-8EA3-7EA57B7CB1BA}.Release|Win32.Build.0 = Release|Win32
		{F4FB9D4B-8041-4C4E-8EA3-7EA57B7CB1BA}.Release|x64.ActiveCfg = Release|x64
		{F4FB9D4B-8041-4C4E-8EA3-7EA57B7CB1BA}.Release|x64.Build.0 = Release|x64
		{7BA6B263-61EB-473C-A7D5-95892E9FB829}.Debug|Win32.ActiveCfg = Debug|Win32
		{7BA6B263-61EB-473C-A7D5-95892E9FB829}.Debug|Win32.Build.0 = Debug|Win32
		{7BA6B263-61EB-473C-A7D5-95892E9FB829}.Debug|x64.ActiveCfg = Debug|x64
		{7BA6B263-61EB-473C-A7D5-95892E9FB829}.Debug|x64.Build.0 = Debug|x64
		{7BA6B263-61EB-473C-A7D5-95892E9FB829}.Release|Win32.ActiveCfg = Release|Win32
		{7BA6B263-61EB-473C-A7D5-95892E9FB829}.Release|Win32.Build.0 = Release|Win32
		{7BA6B263-61EB-473C-A7D5-95892E9FB829}.Release|x64.ActiveCfg = Release|x64
		{7BA6B263-61EB-473C-A7D5-95892E9FB829}.Release|x64.Build.0 = Release|x64
		{91FDB116-88B9-4EF9-B229-5E0B6E04D219}.Debug|Win32.ActiveCfg = Debug|Win32
		{91FDB116-88B9-4EF9-B229-5E0B6E04D219}.Debug|Win32.Build.0 = Debug|Win32
		{91FDB116-88B9-4EF9-B229-5E0B6E04D219}.Debug|x64.ActiveCfg = Debug|x64
		{91FDB116-88B9-4EF9-B229-5E0B6E04D219}.Debug|x64.Build.0 = Debug|x64
		{91FDB116-88B9-4EF9-B229-5E0B6E04D219}.Release|Win32.ActiveCfg = Release|Win32
		{91FDB116-88B9-4EF9-B229-5E0B6E04D219}.Release|Win32.Build.0 = Release|Win32
		{91FDB116-88B9-4EF9-B229-5E0B6E04D219}.Release|x64.ActiveCfg = Release|x64
		{91FDB116-88B9-4EF9-B229-5E0B6E04D219}.Release|x64.Build.0 = Release|x64
		{983C83BF-7EC1-470D-B231-52551DE422BA}.Debug|Win32.ActiveCfg = Debug|Win32
		{983C83BF-7EC1-470D-B231-52551DE422BA}.Debug|Win32.Build.0 = Debug|Win32
		{983C83BF-7EC1-470D-B231-52551DE422BA}.Debug|x64.ActiveCfg = Debug|x64
		{983C83BF-7EC1-470D-B231-52551DE422BA}.Debug|x64.Build.0 = Debug|x64
		{983C83BF-7EC1-470D-B231-52551DE422BA}.Release|Win32.ActiveCfg = Release|Win32
		{983C83BF-7EC1-470D-B231-52551DE422BA}.Release|Win32.Build.0 = Release|Win32
		{983C83BF-7EC1-470D-B231-52551DE422BA}.Release|x64.ActiveCfg = Release|x64
		{983C83BF-7EC1-470D-B231-52551DE422BA}.Release|x64.Build.0 = Release|x64
		{96454509-E3DF-45E5-B604-7D7B85A0FFEC}.Debug|Win32.ActiveCfg = Debug|Win32
		{96454509-E3DF-45E5-B604-7D7B85A0FFEC}.Debug|Win32.Build.0 = Debug|Win32
		{96454509-E3DF-45E5-B604-7D7B85A0FFEC}.Debug|x64.ActiveCfg = Debug|x64
		{96454509-E3DF-45E5-B604-7D7B85A0FFEC}.Debug|x64.Build.0 = Debug|x64
		{96454509-E3DF-45E5-B604-7D7B85A0FFEC}.Release|Win32.ActiveCfg = Release|Win32
		{96454509-E3DF-45E5-B604-7D7B85A0FFEC}.Release|Win32.Build.0 = Release|Win32
		{96454509-E3DF-45E5-B604-7D7B85A0FFEC}.Release|x64.ActiveCfg = Release|x64
		{96454509-E3DF-45E5-B604-7D7B85A0FFEC}.Release|x64.Build.0 = Release|x64
		{B3A95275-FCF5-4457-9AE8-0B9916B0AECB}.Debug|Win32.ActiveCfg = Debug|Win32
		{B3A95275-FCF5-4457-9AE8-0B9916B0AECB}.Debug|Win32.Build.0 = Debug|Win32
		{B3A95275-FCF5-4457-9AE8-0B9916B0AECB}.Debug|x64.ActiveCfg = Debug|x64
		{B3A95275-FCF5-4457-9AE8-0B9916B0AECB}.Debug|x64.Build.0 = Debug|x64
		{B3A95275-FCF5-4457-9AE8-0B9916B0AECB}.Release|Win32.ActiveCfg = Release|Win32
		{B3A95275-FCF5-4457-9AE8-0B9916B0AECB}.Release|Win32.Build.0 = Release|Win32
		{B3A95275-FCF5-4457-9AE8-0B9916B0AECB}.Release|x64.ActiveCfg = Release|x64
		{B3A95275-FCF5-4457-9AE8-0B9916B0AECB}.Release|x64.Build.0 = Release|x64
		{96F8096C-0212-48AB-9DC3-5530E0751F4A}.Debug|Win32.ActiveCfg = Debug|Win32
		{96F8096C-0212-48AB-9DC3-5530E0751F4A}.Debug|Win32.Build.0 = Debug|Win32
		{96F8096C-0212-48AB-9DC3-5530E0751F4A}.Debug|x64.ActiveCfg = Debug|x64
		{96F8096C-0212-48AB-9DC3-5530E0751F4A}.Debug|x64.Build.0 = Debug|x64
		{96F8096C-0212-48AB-9DC3-5530E0751F4A}.Release|Win32.ActiveCfg = Release|Win32
		{96F8096C-0212-48AB-9DC3-5530E0751F4A}.Release|Win32.Build.0 = Release|Win32
		{96F8096C-0212-48AB-9DC3-5530E0751F4A}.Release|x64.ActiveCfg = Release|x64
		{96F8096C-0212-48AB-9DC3-5530E0751F4A}.Release|x64.Build.0 = Release|x64
		{567679D6-0128-4D5D-9CD3-A67269EF356F}.Debug|Win32.ActiveCfg = Debug|Win32
		{567679D6-0128-4D5D-9CD3-A67269EF356F}.Debug|Win32.Build.0 = Debug|Win32
		{567679D6-0128-4D5D-9CD3-A67269EF356F}.Debug|x64.ActiveCfg = Debug|x64
		{567679D6-0128-4D5D-9CD3-A67269EF356F}.Debug|x64.Build.0 = Debug|x64
		{567679D6-0128-4D5D-9CD3-A67269EF356F}.Release|Win32.ActiveCfg = Release|Win32
		{567679D6-0128-4D5D-9CD3-A67269EF356F}.Release|Win32.Build.0 = Release|Win32
		{567679D6-0128-4D5D-9CD3-A67269EF356F}.Release|x64.ActiveCfg = Release|x64
		{567679D6-0128-4D5D-9CD3-A67269EF356F}.Release|x64.Build.0 = Release|x64
		{18D79E3E-E045-49EE-BE35-09F4D9A65755}.Debug|Win32.ActiveCfg = Debug|Win32
		{18D79E3E-E045-49EE-BE35-09F4D9A65755}.Debug|Win32.Build.0 = Debug|Win32
		{18D79E3E-E045-49EE-BE35-09F4D9A65755}.Debug|x64.ActiveCfg = Debug|x64
		{18D79E3E-E045-49EE-BE35-09F4D9A65755}.Debug|x64.Build.0 = Debug|x64
		{18D79E3E-E045-49EE-BE35-09F4D9A65755}.Release|Win32.ActiveCfg = Release|Win32
		{18D79E3E-E045-49EE-BE35-09F4D9A65755}.Release|Win32.Build.0 = Release|Win32
		{18D79E3E-E045-49EE-BE35-09F4D9A65755}.Release|x64.ActiveCfg = Release|x64
		{18D79E3E-E045-49EE-BE35-09F4D9A65755}.Release|x64.Build.0 = Release|x64
		{F108C408-570A-4375-968D-BB5BD54DABF6}.Debug|Win32.ActiveCfg = Debug|Win32
		{F108C408-570A-4375-968D-BB5BD54DABF6}.Debug|Win32.Build.0 = Debug|Win32
		{F108C408-570A-4375-968D-BB5BD54DABF6}.Debug|x64.ActiveCfg = Debug|x64
		{F108C408-570A-4375-968D-BB5BD54DABF6}.Debug|x64.Build.0 = Debug|x64
		{F108C408-570A-4375-968D-BB5BD54DABF6}.Release|Win32.ActiveCfg = Release|Win32
		{F108C408-570A-4375-968D-BB5BD54DABF6}.Release|Win32.Build.0 = Release|Win32
		{F108C408-570A-4375-968D-BB5BD54DABF6}.Release|x64.ActiveCfg = Release|x64
		{F108C408-570A-4375-968D-BB5BD54DABF6}.Release|x64.Build.0 = Release|x64
		{AD854D75-9A12-413E-AC8B-1F37296CB8DF}.Debug|Win32.ActiveCfg = Debug|Win32
		{AD854D75-9A12-413E-AC8B-1F37296CB8DF}.Debug|Win32.Build.0 = Debug|Win32
		{AD854D75-9A12-413E-AC8B-1F37296CB8DF}.Debug|x64.ActiveCfg = Debug|x64
		{AD854D75-9A12-413E-AC8B-1F37296CB8DF}.Debug|x64.Build.0 = Debug|x64
		{AD854D75-9A12-413E-AC8B-1F37296CB8DF}.Release|Win32.ActiveCfg = Release|Win32
		{AD854D75-9A12-413E-AC8B-1F37296CB8DF}.Release|Win32.Build.0 = Release|Win32
		{AD854D75-9A12-413E-AC8B-1F37296CB8DF}.Release|x64.ActiveCfg = Release|x64
		{AD854D75-9A12-413E-AC8B-1F37296CB8DF}.Release|x64.Build.0 = Release|x64
		{B1F9D5BC-258D-4C55-A154-5ECDDF9641DE}.Debug|Win32.ActiveCfg = Debug|Win32
		{B1F9D5BC-258D-4C55-A154-5ECDDF9641DE}.Debug|Win32.Build.0 = Debug|Win32
		{B1F9D5BC-258D-4C55-A154-5ECDDF9641DE}.Debug|x64.ActiveCfg = Debug|x64
		{B1F9D5BC-258D-4C55-A154-5ECDDF9641DE}.Debug|x64.Build.0 = Debug|x64
		{B1F9D5BC-258D-4C55-A154-5ECDDF9641DE}.Release|Win32.ActiveCfg = Release|Win32
		{B1F9D5BC-258D-4C55-A154-5ECDDF9641DE}.Release|Win32.Build.0 = Release|Win32
		{B1F9D5BC-258D-4C55-A154-5ECDDF9641DE}.Release|x64.ActiveCfg = Release|x64
		{B1F9D5BC-258D-4C55-A154-5ECDDF9641DE}.Release|x64.Build.0 = Release|x64
		{F43EC854-1314-4297-837B-F2A7FBCA4B26}.Debug|Win32.ActiveCfg = Debug|Win32
		{F43EC854-1314-4297-837B-F2A7FBCA4B26}.Debug|Win32.Build.0 = Debug|Win32
		{F43EC854-1314-4297-837B-F2A7FBCA4B26}.Debug|x64.ActiveCfg = Debug|x64
		{F43EC854-1314-4297-837B-F2A7FBCA4B26}.Debug|x64.Build.0 = Debug|x64
		{F43EC854-1314-4297-837B-F2A7FBCA4B26}.Release|Win32.ActiveCfg = Release|Win32
		{F43EC854-1314-4297-837B-F2A7FBCA4B26}.Release|Win32.Build.0 = Release|Win32
		{F43EC854-1314-4297-837B-F2A7FBCA4B26}.Release|x64.ActiveCfg = Release|x64
		{F43EC854-1314-4297-837B-F2A7FBCA4B26}.Release|x64.Build.0 = Release|x64
		{9657A64A-DBBF-402E-8F0C-0EC509CD135C}.Debug|Win32.ActiveCfg = Debug|Win32
		{9657A64A-DBBF-402E-8F0C-0EC509CD135C}.Debug|Win32.Build.0 = Debug|Win32
		{9657A64A-DBBF-402E-8F0C-0EC509CD135C}.Debug|x64.ActiveCfg = Debug|x64
		{9657A64A-DBBF-402E-8F0C-0EC509CD135C}.Debug|x64.Build.0 = Debug|x64
		{9657A64A-DBBF-402E-8F0C-0EC509CD135C}.Release|Win32.ActiveCfg = Release|Win32
		{9657A64A-DBBF-402E-8F0C-0EC509CD135C}.Release|Win32.Build.0 = Release|Win32
		{9657A64A-DBBF-402E-8F0C-0EC509CD135C}.Release|x64.ActiveCfg = Release|x64
		{9657A64A-DBBF-402E-8F0C-0EC509CD135C}.Release|x64.Build.0 = Release|x64
		{371BEC1C-C55F-420C-85AC-8D6A380FED07}.Debug|Win32.ActiveCfg = Debug|Win32
		{371BEC1C-C55F-420C-85AC-8D6A380FED07}.Debug|Win32.Build.0 = Debug|Win32
		{371BEC1C-C55F-420C-85AC-8D6A380FED07}.Debug|x64.ActiveCfg = Debug|x64
		{371BEC1C-C55F-420C-85AC-8D6A380FED07}.Debug|x64.Build.0 = Debug|x64
		{371BEC1C-C55F-420C-85AC-8D6A380FED07}.Release|Win32.ActiveCfg = Release|Win32
		{371BEC1C-C55F-420C-85AC-8D6A380FED07}.Release|Win32.Build.0 = Release|Win32
		{371BEC1C-C55F-420C-85AC-8D6A380FED07}.Release|x64.ActiveCfg = Release|x64
		{371BEC1C-C55F-420C-85AC-8D6A380FED07}.Release|x64.Build.0 = Release|x64
		{CE043068-1DFC-4EE4-8807-B43C3E3FD32F}.Debug|Win32.ActiveCfg = Debug|Win32
		{CE043068-1DFC-4EE4-8807-B43C3E3FD32F}.Debug|Win32.Build.0 = Debug|Win32
		{CE043068-1DFC-4EE4-8807-B43C3E3FD32F}.Debug|x64.ActiveCfg = Debug|x64
		{CE043068-1DFC-4EE4-8807-B43C3E3FD32F}.Debug|x64.Build.0 = Debug|x64
		{CE043068-1DFC-4EE4-8807-B43C3E3FD32F}.Release|Win32.ActiveCfg = Release|Win32
		{CE043068-1DFC-4EE4-8807-B43C3E3FD32F}.Release|Win32.Build.0 = Release|Win32
		{CE043068-1DFC-4EE4-8807-B43C3E3FD32F}.Release|x64.ActiveCfg = Release|x64
		{CE043068-1DFC-4EE4-8807-B43C3E3FD32F}.Release|x64.Build.0 = Release|x64
		{15071DB1-867F-4F3E-AE63-2A03713C8784}.Debug|Win32.ActiveCfg = Debug|Win32
		{15071DB1-867F-4F3E-AE63-2A03713C8784}.Debug|Win32.Build.0 = Debug|Win32
		{15071DB1-867F-4F3E-AE63-2A03713C8784}.Debug|x64.ActiveCfg = Debug|x64
		{15071DB1-867F-4F3E-AE63-2A03713C8784}.Debug|x64.Build.0 = Debug|x64
		{15071DB1-867F-4F3E-AE63-2A03713C8784}.Release|Win32.ActiveCfg = Release|Win32
		{15071DB1-867F-4F3E-AE63-2A03713C8784}.Release|Win32.Build.0 = Release|Win32
		{15071DB1-867F-4F3E-AE63-2A03713C8784}.Release|x64.ActiveCfg = Release|x64
		{15071DB1-867F-4F3E-AE63-2A03713C8784}.Release|x64.Build.0 = Release|x64
		{ED1F9F50-9D05-404D-8B7F-CECD41E76BB5}.Debug|Win32.ActiveCfg = Debug|Win32
		{ED1F9F50-9D05-404D-8B7F-CECD41E76BB5}.Debug|Win32.Build.0 = Debug|Win32
		{ED1F9F50-9D05-404D-8B7F-CECD41E76BB5}.Debug|x64.ActiveCfg = Debug|x64
		{ED1F9F50-9D05-404D-8B7F-CECD41E76BB5}.Debug|x64.Build.0 = Debug|x64
		{ED1F9F50-9D05-404D-8B7F-CECD41E76BB5}.Release|Win32.ActiveCfg = Release|Win32
		{ED1F9F50-9D05-404D-8B7F-CECD41E76BB5}.Release|Win32.Build.0 = Release|Win32
		{ED1F9F50-9D05-404D-8B7F-CECD41E76BB5}.Release|x64.ActiveCfg = Release|x64
		{ED1F9F50-9D05-404D-8B7F-CECD41E76BB5}.Release|x64.Build.0 = Release|x64
		{E4AB566E-3439-41DE-9E9A-F8D577844DFB}.Debug|Win32.ActiveCfg = Debug|Win32
		{E4AB566E-3439-41DE-9E9A-F8D577844DFB}.Debug|Win32.Build.0 = Debug|Win32
		{E4AB566E-3439-41DE-9E9A-F8D577844DFB}.Debug|x64.ActiveCfg = Debug|x64
		{E4AB566E-3439-41DE-9E9A-F8D577844DFB}.Debug|x64.Build.0 = Debug|x64
		{E4AB566E-3439-41DE-9E9A-F8D577844DFB}.Release|Win32.ActiveCfg = Release|Win32
		{E4AB566E-3439-41DE-9E9A-F8D577844DFB}.Release|Win32.Build.0 = Release|Win32
		{E4AB566E-3439-41DE-9E9A-F8D577844DFB}.Release|x64.ActiveCfg = Release|x64
		{E4AB566E-3439-41DE-9E9A-F8D577844DFB}.Release|x64.Build.0 = Release|x64
	EndGlobalSection
	GlobalSection(SolutionProperties) = preSolution
		HideSolutionNode = FALSE
	EndGlobalSection
	GlobalSection(NestedProjects) = preSolution
		{2668DB26-54D6-4D52-A34D-115B9EB0A8C8} = {26D83D6E-31B7-44F2-AA02-F353A0D79023}
		{8AA1CD74-0FC8-4F7A-8299-81B6E5856181} = {26D83D6E-31B7-44F2-AA02-F353A0D79023}
		{F4FB9D4B-8041-4C4E-8EA3-7EA57B7CB1BA} = {26D83D6E-31B7-44F2-AA02-F353A0D79023}
		{91FDB116-88B9-4EF9-B229-5E0B6E04D219} = {D75FF316-E3D5-4DB1-A51E-B139987AF667}
		{983C83BF-7EC1-470D-B231-52551DE422BA} = {2668DB26-54D6-4D52-A34D-115B9EB0A8C8}
		{96454509-E3DF-45E5-B604-7D7B85A0FFEC} = {D75FF316-E3D5-4DB1-A51E-B139987AF667}
		{B3A95275-FCF5-4457-9AE8-0B9916B0AECB} = {D056DAF7-2214-485C-89CA-E92BF1296860}
		{96F8096C-0212-48AB-9DC3-5530E0751F4A} = {D75FF316-E3D5-4DB1-A51E-B139987AF667}
		{567679D6-0128-4D5D-9CD3-A67269EF356F} = {F6EBE292-5529-4F68-B152-9A4DBC385127}
		{18D79E3E-E045-49EE-BE35-09F4D9A65755} = {F3EBF29C-2CCD-4115-BFFF-A783D74610F6}
		{F108C408-570A-4375-968D-BB5BD54DABF6} = {F3EBF29C-2CCD-4115-BFFF-A783D74610F6}
		{AD854D75-9A12-413E-AC8B-1F37296CB8DF} = {D75FF316-E3D5-4DB1-A51E-B139987AF667}
		{B1F9D5BC-258D-4C55-A154-5ECDDF9641DE} = {F3EBF29C-2CCD-4115-BFFF-A783D74610F6}
		{F43EC854-1314-4297-837B-F2A7FBCA4B26} = {26D83D6E-31B7-44F2-AA02-F353A0D79023}
		{9657A64A-DBBF-402E-8F0C-0EC509CD135C} = {D75FF316-E3D5-4DB1-A51E-B139987AF667}
		{371BEC1C-C55F-420C-85AC-8D6A380FED07} = {2668DB26-54D6-4D52-A34D-115B9EB0A8C8}
		{CE043068-1DFC-4EE4-8807-B43C3E3FD32F} = {2668DB26-54D6-4D52-A34D-115B9EB0A8C8}
		{15071DB1-867F-4F3E-AE63-2A03713C8784} = {2668DB26-54D6-4D52-A34D-115B9EB0A8C8}
		{ED1F9F50-9D05-404D-8B7F-CECD41E76BB5} = {2668DB26-54D6-4D52-A34D-115B9EB0A8C8}
		{E4AB566E-3439-41DE-9E9A-F8D577844DFB} = {2668DB26-54D6-4D52-A34D-115B9EB0A8C8}
	EndGlobalSection
	GlobalSection(SubversionScc) = preSolution
		Svn-Managed = True
		Manager = AnkhSVN - Subversion Support for Visual Studio
	EndGlobalSection
EndGlobal
