
Microsoft Visual Studio Solution File, Format Version 12.00
# Visual Studio 2013
VisualStudioVersion = 12.0.40629.0
MinimumVisualStudioVersion = 10.0.40219.1
Project("{2150E333-8FDC-42A3-9474-1A3956D46DE8}") = "Deps", "Deps", "{26D83D6E-31B7-44F2-AA02-F353A0D79023}"
EndProject
Project("{2150E333-8FDC-42A3-9474-1A3956D46DE8}") = "Regression Tests", "Regression Tests", "{D75FF316-E3D5-4DB1-A51E-B139987AF667}"
EndProject
Project("{2150E333-8FDC-42A3-9474-1A3956D46DE8}") = "Stresstest", "Stresstest", "{D056DAF7-2214-485C-89CA-E92BF1296860}"
EndProject
Project("{2150E333-8FDC-42A3-9474-1A3956D46DE8}") = "External", "External", "{2668DB26-54D6-4D52-A34D-115B9EB0A8C8}"
EndProject
Project("{2150E333-8FDC-42A3-9474-1A3956D46DE8}") = "Integration", "Integration", "{F6EBE292-5529-4F68-B152-9A4DBC385127}"
EndProject
Project("{2150E333-8FDC-42A3-9474-1A3956D46DE8}") = "Apps", "Apps", "{F3EBF29C-2CCD-4115-BFFF-A783D74610F6}"
EndProject
Project("{8BC9CEB8-8B4A-11D0-8D11-00A0C91BC942}") = "orz", "deps\orz\orz.vcxproj", "{8AA1CD74-0FC8-4F7A-8299-81B6E5856181}"
EndProject
Project("{8BC9CEB8-8B4A-11D0-8D11-00A0C91BC942}") = "illa", "deps\illa\illa.vcxproj", "{F4FB9D4B-8041-4C4E-8EA3-7EA57B7CB1BA}"
EndProject
Project("{8BC9CEB8-8B4A-11D0-8D11-00A0C91BC942}") = "Pictus", "Pictus\Pictus.vcxproj", "{7BA6B263-61EB-473C-A7D5-95892E9FB829}"
EndProject
Project("{8BC9CEB8-8B4A-11D0-8D11-00A0C91BC942}") = "zlib", "deps\zlib\zlib.vcxproj", "{69FFDF3B-B4E4-465E-A02A-83D5472F2B7C}"
EndProject
Project("{8BC9CEB8-8B4A-11D0-8D11-00A0C91BC942}") = "libpng", "deps\libpng\libpng.vcxproj", "{F201D5D7-F12F-4487-9A1D-6F23C240EA53}"
EndProject
Project("{8BC9CEB8-8B4A-11D0-8D11-00A0C91BC942}") = "libtiff", "deps\libtiff\libtiff.vcxproj", "{08BAD763-8922-4054-994E-192AB6834DBE}"
EndProject
Project("{8BC9CEB8-8B4A-11D0-8D11-00A0C91BC942}") = "libjpeg", "deps\libjpeg\libjpeg.vcxproj", "{662A8E06-04FA-4FCA-952E-3A8BFD34B377}"
EndProject
Project("{8BC9CEB8-8B4A-11D0-8D11-00A0C91BC942}") = "orztest", "orzTest\orztest.vcxproj", "{91FDB116-88B9-4EF9-B229-5E0B6E04D219}"
EndProject
Project("{8BC9CEB8-8B4A-11D0-8D11-00A0C91BC942}") = "UnitTest++", "deps\UnitTest++\UnitTest++.vcxproj", "{983C83BF-7EC1-470D-B231-52551DE422BA}"
EndProject
Project("{8BC9CEB8-8B4A-11D0-8D11-00A0C91BC942}") = "illatest", "illaTest\illatest.vcxproj", "{96454509-E3DF-45E5-B604-7D7B85A0FFEC}"
EndProject
Project("{8BC9CEB8-8B4A-11D0-8D11-00A0C91BC942}") = "Stresser", "Stresser\Stresser.vcxproj", "{B3A95275-FCF5-4457-9AE8-0B9916B0AECB}"
EndProject
Project("{8BC9CEB8-8B4A-11D0-8D11-00A0C91BC942}") = "pictustest", "pictustest\pictustest.vcxproj", "{96F8096C-0212-48AB-9DC3-5530E0751F4A}"
EndProject
Project("{8BC9CEB8-8B4A-11D0-8D11-00A0C91BC942}") = "PictThumbs", "PictThumbs\PictThumbs.vcxproj", "{567679D6-0128-4D5D-9CD3-A67269EF356F}"
EndProject
Project("{8BC9CEB8-8B4A-11D0-8D11-00A0C91BC942}") = "D3DWrap", "deps\D3DWrap\D3DWrap.vcxproj", "{1041595A-F33C-497D-80BD-D3723DA0C9AD}"
EndProject
Project("{8BC9CEB8-8B4A-11D0-8D11-00A0C91BC942}") = "LoadTest", "LoadTest\LoadTest.vcxproj", "{18D79E3E-E045-49EE-BE35-09F4D9A65755}"
EndProject
Project("{8BC9CEB8-8B4A-11D0-8D11-00A0C91BC942}") = "FilterTest", "FilterTest\FilterTest.vcxproj", "{F108C408-570A-4375-968D-BB5BD54DABF6}"
EndProject
Project("{8BC9CEB8-8B4A-11D0-8D11-00A0C91BC942}") = "Fuzzer", "Fuzzer\Fuzzer.vcxproj", "{E794EE7C-DFB2-4A5C-962D-EAC0FD2E71CE}"
EndProject
Project("{8BC9CEB8-8B4A-11D0-8D11-00A0C91BC942}") = "PictThumbsTest", "PictThumbsTest\PictThumbsTest.vcxproj", "{AD854D75-9A12-413E-AC8B-1F37296CB8DF}"
EndProject
Project("{8BC9CEB8-8B4A-11D0-8D11-00A0C91BC942}") = "ThumbDisplay", "ThumbDisplay\ThumbDisplay.vcxproj", "{B1F9D5BC-258D-4C55-A154-5ECDDF9641DE}"
EndProject
Project("{8BC9CEB8-8B4A-11D0-8D11-00A0C91BC942}") = "Metadata", "deps\Metadata\Metadata.vcxproj", "{F43EC854-1314-4297-837B-F2A7FBCA4B26}"
EndProject
Global
	GlobalSection(SolutionConfigurationPlatforms) = preSolution
		Debug|Mixed Platforms = Debug|Mixed Platforms
		Debug|Win32 = Debug|Win32
		Debug|x64 = Debug|x64
		Release|Mixed Platforms = Release|Mixed Platforms
		Release|Win32 = Release|Win32
		Release|x64 = Release|x64
	EndGlobalSection
	GlobalSection(ProjectConfigurationPlatforms) = postSolution
		{8AA1CD74-0FC8-4F7A-8299-81B6E5856181}.Debug|Mixed Platforms.ActiveCfg = Debug|Win32
		{8AA1CD74-0FC8-4F7A-8299-81B6E5856181}.Debug|Mixed Platforms.Build.0 = Debug|Win32
		{8AA1CD74-0FC8-4F7A-8299-81B6E5856181}.Debug|Win32.ActiveCfg = Debug|Win32
		{8AA1CD74-0FC8-4F7A-8299-81B6E5856181}.Debug|Win32.Build.0 = Debug|Win32
		{8AA1CD74-0FC8-4F7A-8299-81B6E5856181}.Debug|x64.ActiveCfg = Debug|x64
		{8AA1CD74-0FC8-4F7A-8299-81B6E5856181}.Debug|x64.Build.0 = Debug|x64
		{8AA1CD74-0FC8-4F7A-8299-81B6E5856181}.Release|Mixed Platforms.ActiveCfg = Release|Win32
		{8AA1CD74-0FC8-4F7A-8299-81B6E5856181}.Release|Mixed Platforms.Build.0 = Release|Win32
		{8AA1CD74-0FC8-4F7A-8299-81B6E5856181}.Release|Win32.ActiveCfg = Release|Win32
		{8AA1CD74-0FC8-4F7A-8299-81B6E5856181}.Release|Win32.Build.0 = Release|Win32
		{8AA1CD74-0FC8-4F7A-8299-81B6E5856181}.Release|x64.ActiveCfg = Release|x64
		{8AA1CD74-0FC8-4F7A-8299-81B6E5856181}.Release|x64.Build.0 = Release|x64
		{F4FB9D4B-8041-4C4E-8EA3-7EA57B7CB1BA}.Debug|Mixed Platforms.ActiveCfg = Debug|Win32
		{F4FB9D4B-8041-4C4E-8EA3-7EA57B7CB1BA}.Debug|Mixed Platforms.Build.0 = Debug|Win32
		{F4FB9D4B-8041-4C4E-8EA3-7EA57B7CB1BA}.Debug|Win32.ActiveCfg = Debug|Win32
		{F4FB9D4B-8041-4C4E-8EA3-7EA57B7CB1BA}.Debug|Win32.Build.0 = Debug|Win32
		{F4FB9D4B-8041-4C4E-8EA3-7EA57B7CB1BA}.Debug|x64.ActiveCfg = Debug|x64
		{F4FB9D4B-8041-4C4E-8EA3-7EA57B7CB1BA}.Debug|x64.Build.0 = Debug|x64
		{F4FB9D4B-8041-4C4E-8EA3-7EA57B7CB1BA}.Release|Mixed Platforms.ActiveCfg = Release|Win32
		{F4FB9D4B-8041-4C4E-8EA3-7EA57B7CB1BA}.Release|Mixed Platforms.Build.0 = Release|Win32
		{F4FB9D4B-8041-4C4E-8EA3-7EA57B7CB1BA}.Release|Win32.ActiveCfg = Release|Win32
		{F4FB9D4B-8041-4C4E-8EA3-7EA57B7CB1BA}.Release|Win32.Build.0 = Release|Win32
		{F4FB9D4B-8041-4C4E-8EA3-7EA57B7CB1BA}.Release|x64.ActiveCfg = Release|x64
		{F4FB9D4B-8041-4C4E-8EA3-7EA57B7CB1BA}.Release|x64.Build.0 = Release|x64
		{7BA6B263-61EB-473C-A7D5-95892E9FB829}.Debug|Mixed Platforms.ActiveCfg = Debug|Win32
		{7BA6B263-61EB-473C-A7D5-95892E9FB829}.Debug|Mixed Platforms.Build.0 = Debug|Win32
		{7BA6B263-61EB-473C-A7D5-95892E9FB829}.Debug|Win32.ActiveCfg = Debug|Win32
		{7BA6B263-61EB-473C-A7D5-95892E9FB829}.Debug|Win32.Build.0 = Debug|Win32
		{7BA6B263-61EB-473C-A7D5-95892E9FB829}.Debug|x64.ActiveCfg = Debug|x64
		{7BA6B263-61EB-473C-A7D5-95892E9FB829}.Debug|x64.Build.0 = Debug|x64
		{7BA6B263-61EB-473C-A7D5-95892E9FB829}.Release|Mixed Platforms.ActiveCfg = Release|Win32
		{7BA6B263-61EB-473C-A7D5-95892E9FB829}.Release|Mixed Platforms.Build.0 = Release|Win32
		{7BA6B263-61EB-473C-A7D5-95892E9FB829}.Release|Win32.ActiveCfg = Release|Win32
		{7BA6B263-61EB-473C-A7D5-95892E9FB829}.Release|Win32.Build.0 = Release|Win32
		{7BA6B263-61EB-473C-A7D5-95892E9FB829}.Release|x64.ActiveCfg = Release|x64
		{7BA6B263-61EB-473C-A7D5-95892E9FB829}.Release|x64.Build.0 = Release|x64
		{69FFDF3B-B4E4-465E-A02A-83D5472F2B7C}.Debug|Mixed Platforms.ActiveCfg = Debug|Win32
		{69FFDF3B-B4E4-465E-A02A-83D5472F2B7C}.Debug|Mixed Platforms.Build.0 = Debug|Win32
		{69FFDF3B-B4E4-465E-A02A-83D5472F2B7C}.Debug|Win32.ActiveCfg = Debug|Win32
		{69FFDF3B-B4E4-465E-A02A-83D5472F2B7C}.Debug|Win32.Build.0 = Debug|Win32
		{69FFDF3B-B4E4-465E-A02A-83D5472F2B7C}.Debug|x64.ActiveCfg = Debug|x64
		{69FFDF3B-B4E4-465E-A02A-83D5472F2B7C}.Debug|x64.Build.0 = Debug|x64
		{69FFDF3B-B4E4-465E-A02A-83D5472F2B7C}.Release|Mixed Platforms.ActiveCfg = Release|Win32
		{69FFDF3B-B4E4-465E-A02A-83D5472F2B7C}.Release|Mixed Platforms.Build.0 = Release|Win32
		{69FFDF3B-B4E4-465E-A02A-83D5472F2B7C}.Release|Win32.ActiveCfg = Release|Win32
		{69FFDF3B-B4E4-465E-A02A-83D5472F2B7C}.Release|Win32.Build.0 = Release|Win32
		{69FFDF3B-B4E4-465E-A02A-83D5472F2B7C}.Release|x64.ActiveCfg = Release|x64
		{69FFDF3B-B4E4-465E-A02A-83D5472F2B7C}.Release|x64.Build.0 = Release|x64
		{F201D5D7-F12F-4487-9A1D-6F23C240EA53}.Debug|Mixed Platforms.ActiveCfg = Debug|Win32
		{F201D5D7-F12F-4487-9A1D-6F23C240EA53}.Debug|Mixed Platforms.Build.0 = Debug|Win32
		{F201D5D7-F12F-4487-9A1D-6F23C240EA53}.Debug|Win32.ActiveCfg = Debug|Win32
		{F201D5D7-F12F-4487-9A1D-6F23C240EA53}.Debug|Win32.Build.0 = Debug|Win32
		{F201D5D7-F12F-4487-9A1D-6F23C240EA53}.Debug|x64.ActiveCfg = Debug|x64
		{F201D5D7-F12F-4487-9A1D-6F23C240EA53}.Debug|x64.Build.0 = Debug|x64
		{F201D5D7-F12F-4487-9A1D-6F23C240EA53}.Release|Mixed Platforms.ActiveCfg = Release|Win32
		{F201D5D7-F12F-4487-9A1D-6F23C240EA53}.Release|Mixed Platforms.Build.0 = Release|Win32
		{F201D5D7-F12F-4487-9A1D-6F23C240EA53}.Release|Win32.ActiveCfg = Release|Win32
		{F201D5D7-F12F-4487-9A1D-6F23C240EA53}.Release|Win32.Build.0 = Release|Win32
		{F201D5D7-F12F-4487-9A1D-6F23C240EA53}.Release|x64.ActiveCfg = Release|x64
		{F201D5D7-F12F-4487-9A1D-6F23C240EA53}.Release|x64.Build.0 = Release|x64
		{08BAD763-8922-4054-994E-192AB6834DBE}.Debug|Mixed Platforms.ActiveCfg = Debug|Win32
		{08BAD763-8922-4054-994E-192AB6834DBE}.Debug|Mixed Platforms.Build.0 = Debug|Win32
		{08BAD763-8922-4054-994E-192AB6834DBE}.Debug|Win32.ActiveCfg = Debug|Win32
		{08BAD763-8922-4054-994E-192AB6834DBE}.Debug|Win32.Build.0 = Debug|Win32
		{08BAD763-8922-4054-994E-192AB6834DBE}.Debug|x64.ActiveCfg = Debug|x64
		{08BAD763-8922-4054-994E-192AB6834DBE}.Debug|x64.Build.0 = Debug|x64
		{08BAD763-8922-4054-994E-192AB6834DBE}.Release|Mixed Platforms.ActiveCfg = Release|Win32
		{08BAD763-8922-4054-994E-192AB6834DBE}.Release|Mixed Platforms.Build.0 = Release|Win32
		{08BAD763-8922-4054-994E-192AB6834DBE}.Release|Win32.ActiveCfg = Release|Win32
		{08BAD763-8922-4054-994E-192AB6834DBE}.Release|Win32.Build.0 = Release|Win32
		{08BAD763-8922-4054-994E-192AB6834DBE}.Release|x64.ActiveCfg = Release|x64
		{08BAD763-8922-4054-994E-192AB6834DBE}.Release|x64.Build.0 = Release|x64
		{662A8E06-04FA-4FCA-952E-3A8BFD34B377}.Debug|Mixed Platforms.ActiveCfg = Debug|Win32
		{662A8E06-04FA-4FCA-952E-3A8BFD34B377}.Debug|Mixed Platforms.Build.0 = Debug|Win32
		{662A8E06-04FA-4FCA-952E-3A8BFD34B377}.Debug|Win32.ActiveCfg = Debug|Win32
		{662A8E06-04FA-4FCA-952E-3A8BFD34B377}.Debug|Win32.Build.0 = Debug|Win32
		{662A8E06-04FA-4FCA-952E-3A8BFD34B377}.Debug|x64.ActiveCfg = Debug|x64
		{662A8E06-04FA-4FCA-952E-3A8BFD34B377}.Debug|x64.Build.0 = Debug|x64
		{662A8E06-04FA-4FCA-952E-3A8BFD34B377}.Release|Mixed Platforms.ActiveCfg = Release|Win32
		{662A8E06-04FA-4FCA-952E-3A8BFD34B377}.Release|Mixed Platforms.Build.0 = Release|Win32
		{662A8E06-04FA-4FCA-952E-3A8BFD34B377}.Release|Win32.ActiveCfg = Release|Win32
		{662A8E06-04FA-4FCA-952E-3A8BFD34B377}.Release|Win32.Build.0 = Release|Win32
		{662A8E06-04FA-4FCA-952E-3A8BFD34B377}.Release|x64.ActiveCfg = Release|x64
		{662A8E06-04FA-4FCA-952E-3A8BFD34B377}.Release|x64.Build.0 = Release|x64
		{91FDB116-88B9-4EF9-B229-5E0B6E04D219}.Debug|Mixed Platforms.ActiveCfg = Debug|Win32
		{91FDB116-88B9-4EF9-B229-5E0B6E04D219}.Debug|Mixed Platforms.Build.0 = Debug|Win32
		{91FDB116-88B9-4EF9-B229-5E0B6E04D219}.Debug|Win32.ActiveCfg = Debug|Win32
		{91FDB116-88B9-4EF9-B229-5E0B6E04D219}.Debug|Win32.Build.0 = Debug|Win32
		{91FDB116-88B9-4EF9-B229-5E0B6E04D219}.Debug|x64.ActiveCfg = Debug|x64
		{91FDB116-88B9-4EF9-B229-5E0B6E04D219}.Debug|x64.Build.0 = Debug|x64
		{91FDB116-88B9-4EF9-B229-5E0B6E04D219}.Release|Mixed Platforms.ActiveCfg = Release|Win32
		{91FDB116-88B9-4EF9-B229-5E0B6E04D219}.Release|Mixed Platforms.Build.0 = Release|Win32
		{91FDB116-88B9-4EF9-B229-5E0B6E04D219}.Release|Win32.ActiveCfg = Release|Win32
		{91FDB116-88B9-4EF9-B229-5E0B6E04D219}.Release|Win32.Build.0 = Release|Win32
		{91FDB116-88B9-4EF9-B229-5E0B6E04D219}.Release|x64.ActiveCfg = Release|x64
		{91FDB116-88B9-4EF9-B229-5E0B6E04D219}.Release|x64.Build.0 = Release|x64
		{983C83BF-7EC1-470D-B231-52551DE422BA}.Debug|Mixed Platforms.ActiveCfg = Debug|Win32
		{983C83BF-7EC1-470D-B231-52551DE422BA}.Debug|Mixed Platforms.Build.0 = Debug|Win32
		{983C83BF-7EC1-470D-B231-52551DE422BA}.Debug|Win32.ActiveCfg = Debug|Win32
		{983C83BF-7EC1-470D-B231-52551DE422BA}.Debug|Win32.Build.0 = Debug|Win32
		{983C83BF-7EC1-470D-B231-52551DE422BA}.Debug|x64.ActiveCfg = Debug|x64
		{983C83BF-7EC1-470D-B231-52551DE422BA}.Debug|x64.Build.0 = Debug|x64
		{983C83BF-7EC1-470D-B231-52551DE422BA}.Release|Mixed Platforms.ActiveCfg = Release|Win32
		{983C83BF-7EC1-470D-B231-52551DE422BA}.Release|Mixed Platforms.Build.0 = Release|Win32
		{983C83BF-7EC1-470D-B231-52551DE422BA}.Release|Win32.ActiveCfg = Release|Win32
		{983C83BF-7EC1-470D-B231-52551DE422BA}.Release|Win32.Build.0 = Release|Win32
		{983C83BF-7EC1-470D-B231-52551DE422BA}.Release|x64.ActiveCfg = Release|x64
		{983C83BF-7EC1-470D-B231-52551DE422BA}.Release|x64.Build.0 = Release|x64
		{96454509-E3DF-45E5-B604-7D7B85A0FFEC}.Debug|Mixed Platforms.ActiveCfg = Debug|Win32
		{96454509-E3DF-45E5-B604-7D7B85A0FFEC}.Debug|Mixed Platforms.Build.0 = Debug|Win32
		{96454509-E3DF-45E5-B604-7D7B85A0FFEC}.Debug|Win32.ActiveCfg = Debug|Win32
		{96454509-E3DF-45E5-B604-7D7B85A0FFEC}.Debug|Win32.Build.0 = Debug|Win32
		{96454509-E3DF-45E5-B604-7D7B85A0FFEC}.Debug|x64.ActiveCfg = Debug|x64
		{96454509-E3DF-45E5-B604-7D7B85A0FFEC}.Debug|x64.Build.0 = Debug|x64
		{96454509-E3DF-45E5-B604-7D7B85A0FFEC}.Release|Mixed Platforms.ActiveCfg = Release|Win32
		{96454509-E3DF-45E5-B604-7D7B85A0FFEC}.Release|Mixed Platforms.Build.0 = Release|Win32
		{96454509-E3DF-45E5-B604-7D7B85A0FFEC}.Release|Win32.ActiveCfg = Release|Win32
		{96454509-E3DF-45E5-B604-7D7B85A0FFEC}.Release|Win32.Build.0 = Release|Win32
		{96454509-E3DF-45E5-B604-7D7B85A0FFEC}.Release|x64.ActiveCfg = Release|x64
		{96454509-E3DF-45E5-B604-7D7B85A0FFEC}.Release|x64.Build.0 = Release|x64
		{B3A95275-FCF5-4457-9AE8-0B9916B0AECB}.Debug|Mixed Platforms.ActiveCfg = Debug|Win32
		{B3A95275-FCF5-4457-9AE8-0B9916B0AECB}.Debug|Mixed Platforms.Build.0 = Debug|Win32
		{B3A95275-FCF5-4457-9AE8-0B9916B0AECB}.Debug|Win32.ActiveCfg = Debug|Win32
		{B3A95275-FCF5-4457-9AE8-0B9916B0AECB}.Debug|Win32.Build.0 = Debug|Win32
		{B3A95275-FCF5-4457-9AE8-0B9916B0AECB}.Debug|x64.ActiveCfg = Debug|x64
		{B3A95275-FCF5-4457-9AE8-0B9916B0AECB}.Debug|x64.Build.0 = Debug|x64
		{B3A95275-FCF5-4457-9AE8-0B9916B0AECB}.Release|Mixed Platforms.ActiveCfg = Release|Win32
		{B3A95275-FCF5-4457-9AE8-0B9916B0AECB}.Release|Mixed Platforms.Build.0 = Release|Win32
		{B3A95275-FCF5-4457-9AE8-0B9916B0AECB}.Release|Win32.ActiveCfg = Release|Win32
		{B3A95275-FCF5-4457-9AE8-0B9916B0AECB}.Release|Win32.Build.0 = Release|Win32
		{B3A95275-FCF5-4457-9AE8-0B9916B0AECB}.Release|x64.ActiveCfg = Release|x64
		{B3A95275-FCF5-4457-9AE8-0B9916B0AECB}.Release|x64.Build.0 = Release|x64
		{96F8096C-0212-48AB-9DC3-5530E0751F4A}.Debug|Mixed Platforms.ActiveCfg = Debug|Win32
		{96F8096C-0212-48AB-9DC3-5530E0751F4A}.Debug|Mixed Platforms.Build.0 = Debug|Win32
		{96F8096C-0212-48AB-9DC3-5530E0751F4A}.Debug|Win32.ActiveCfg = Debug|Win32
		{96F8096C-0212-48AB-9DC3-5530E0751F4A}.Debug|Win32.Build.0 = Debug|Win32
		{96F8096C-0212-48AB-9DC3-5530E0751F4A}.Debug|x64.ActiveCfg = Debug|x64
		{96F8096C-0212-48AB-9DC3-5530E0751F4A}.Debug|x64.Build.0 = Debug|x64
		{96F8096C-0212-48AB-9DC3-5530E0751F4A}.Release|Mixed Platforms.ActiveCfg = Release|Win32
		{96F8096C-0212-48AB-9DC3-5530E0751F4A}.Release|Mixed Platforms.Build.0 = Release|Win32
		{96F8096C-0212-48AB-9DC3-5530E0751F4A}.Release|Win32.ActiveCfg = Release|Win32
		{96F8096C-0212-48AB-9DC3-5530E0751F4A}.Release|Win32.Build.0 = Release|Win32
		{96F8096C-0212-48AB-9DC3-5530E0751F4A}.Release|x64.ActiveCfg = Release|x64
		{96F8096C-0212-48AB-9DC3-5530E0751F4A}.Release|x64.Build.0 = Release|x64
		{567679D6-0128-4D5D-9CD3-A67269EF356F}.Debug|Mixed Platforms.ActiveCfg = Debug|Win32
		{567679D6-0128-4D5D-9CD3-A67269EF356F}.Debug|Mixed Platforms.Build.0 = Debug|Win32
		{567679D6-0128-4D5D-9CD3-A67269EF356F}.Debug|Win32.ActiveCfg = Debug|Win32
		{567679D6-0128-4D5D-9CD3-A67269EF356F}.Debug|Win32.Build.0 = Debug|Win32
		{567679D6-0128-4D5D-9CD3-A67269EF356F}.Debug|x64.ActiveCfg = Debug|x64
		{567679D6-0128-4D5D-9CD3-A67269EF356F}.Debug|x64.Build.0 = Debug|x64
		{567679D6-0128-4D5D-9CD3-A67269EF356F}.Release|Mixed Platforms.ActiveCfg = Release|Win32
		{567679D6-0128-4D5D-9CD3-A67269EF356F}.Release|Mixed Platforms.Build.0 = Release|Win32
		{567679D6-0128-4D5D-9CD3-A67269EF356F}.Release|Win32.ActiveCfg = Release|Win32
		{567679D6-0128-4D5D-9CD3-A67269EF356F}.Release|Win32.Build.0 = Release|Win32
		{567679D6-0128-4D5D-9CD3-A67269EF356F}.Release|x64.ActiveCfg = Release|x64
		{567679D6-0128-4D5D-9CD3-A67269EF356F}.Release|x64.Build.0 = Release|x64
		{1041595A-F33C-497D-80BD-D3723DA0C9AD}.Debug|Mixed Platforms.ActiveCfg = Debug|Win32
		{1041595A-F33C-497D-80BD-D3723DA0C9AD}.Debug|Mixed Platforms.Build.0 = Debug|Win32
		{1041595A-F33C-497D-80BD-D3723DA0C9AD}.Debug|Win32.ActiveCfg = Debug|Win32
		{1041595A-F33C-497D-80BD-D3723DA0C9AD}.Debug|Win32.Build.0 = Debug|Win32
		{1041595A-F33C-497D-80BD-D3723DA0C9AD}.Debug|x64.ActiveCfg = Debug|x64
		{1041595A-F33C-497D-80BD-D3723DA0C9AD}.Debug|x64.Build.0 = Debug|x64
		{1041595A-F33C-497D-80BD-D3723DA0C9AD}.Release|Mixed Platforms.ActiveCfg = Release|Win32
		{1041595A-F33C-497D-80BD-D3723DA0C9AD}.Release|Mixed Platforms.Build.0 = Release|Win32
		{1041595A-F33C-497D-80BD-D3723DA0C9AD}.Release|Win32.ActiveCfg = Release|Win32
		{1041595A-F33C-497D-80BD-D3723DA0C9AD}.Release|Win32.Build.0 = Release|Win32
		{1041595A-F33C-497D-80BD-D3723DA0C9AD}.Release|x64.ActiveCfg = Release|x64
		{1041595A-F33C-497D-80BD-D3723DA0C9AD}.Release|x64.Build.0 = Release|x64
		{18D79E3E-E045-49EE-BE35-09F4D9A65755}.Debug|Mixed Platforms.ActiveCfg = Debug|Win32
		{18D79E3E-E045-49EE-BE35-09F4D9A65755}.Debug|Mixed Platforms.Build.0 = Debug|Win32
		{18D79E3E-E045-49EE-BE35-09F4D9A65755}.Debug|Win32.ActiveCfg = Debug|Win32
		{18D79E3E-E045-49EE-BE35-09F4D9A65755}.Debug|Win32.Build.0 = Debug|Win32
		{18D79E3E-E045-49EE-BE35-09F4D9A65755}.Debug|x64.ActiveCfg = Debug|x64
		{18D79E3E-E045-49EE-BE35-09F4D9A65755}.Debug|x64.Build.0 = Debug|x64
		{18D79E3E-E045-49EE-BE35-09F4D9A65755}.Release|Mixed Platforms.ActiveCfg = Release|Win32
		{18D79E3E-E045-49EE-BE35-09F4D9A65755}.Release|Mixed Platforms.Build.0 = Release|Win32
		{18D79E3E-E045-49EE-BE35-09F4D9A65755}.Release|Win32.ActiveCfg = Release|Win32
		{18D79E3E-E045-49EE-BE35-09F4D9A65755}.Release|Win32.Build.0 = Release|Win32
		{18D79E3E-E045-49EE-BE35-09F4D9A65755}.Release|x64.ActiveCfg = Release|x64
		{18D79E3E-E045-49EE-BE35-09F4D9A65755}.Release|x64.Build.0 = Release|x64
		{F108C408-570A-4375-968D-BB5BD54DABF6}.Debug|Mixed Platforms.ActiveCfg = Debug|Win32
		{F108C408-570A-4375-968D-BB5BD54DABF6}.Debug|Mixed Platforms.Build.0 = Debug|Win32
		{F108C408-570A-4375-968D-BB5BD54DABF6}.Debug|Win32.ActiveCfg = Debug|Win32
		{F108C408-570A-4375-968D-BB5BD54DABF6}.Debug|Win32.Build.0 = Debug|Win32
		{F108C408-570A-4375-968D-BB5BD54DABF6}.Debug|x64.ActiveCfg = Debug|x64
		{F108C408-570A-4375-968D-BB5BD54DABF6}.Debug|x64.Build.0 = Debug|x64
		{F108C408-570A-4375-968D-BB5BD54DABF6}.Release|Mixed Platforms.ActiveCfg = Release|Win32
		{F108C408-570A-4375-968D-BB5BD54DABF6}.Release|Mixed Platforms.Build.0 = Release|Win32
		{F108C408-570A-4375-968D-BB5BD54DABF6}.Release|Win32.ActiveCfg = Release|Win32
		{F108C408-570A-4375-968D-BB5BD54DABF6}.Release|Win32.Build.0 = Release|Win32
		{F108C408-570A-4375-968D-BB5BD54DABF6}.Release|x64.ActiveCfg = Release|x64
		{F108C408-570A-4375-968D-BB5BD54DABF6}.Release|x64.Build.0 = Release|x64
		{E794EE7C-DFB2-4A5C-962D-EAC0FD2E71CE}.Debug|Mixed Platforms.ActiveCfg = Debug|Win32
		{E794EE7C-DFB2-4A5C-962D-EAC0FD2E71CE}.Debug|Mixed Platforms.Build.0 = Debug|Win32
		{E794EE7C-DFB2-4A5C-962D-EAC0FD2E71CE}.Debug|Win32.ActiveCfg = Debug|Win32
		{E794EE7C-DFB2-4A5C-962D-EAC0FD2E71CE}.Debug|Win32.Build.0 = Debug|Win32
		{E794EE7C-DFB2-4A5C-962D-EAC0FD2E71CE}.Debug|x64.ActiveCfg = Debug|x64
		{E794EE7C-DFB2-4A5C-962D-EAC0FD2E71CE}.Debug|x64.Build.0 = Debug|x64
		{E794EE7C-DFB2-4A5C-962D-EAC0FD2E71CE}.Release|Mixed Platforms.ActiveCfg = Release|Win32
		{E794EE7C-DFB2-4A5C-962D-EAC0FD2E71CE}.Release|Mixed Platforms.Build.0 = Release|Win32
		{E794EE7C-DFB2-4A5C-962D-EAC0FD2E71CE}.Release|Win32.ActiveCfg = Release|Win32
		{E794EE7C-DFB2-4A5C-962D-EAC0FD2E71CE}.Release|Win32.Build.0 = Release|Win32
		{E794EE7C-DFB2-4A5C-962D-EAC0FD2E71CE}.Release|x64.ActiveCfg = Release|x64
		{E794EE7C-DFB2-4A5C-962D-EAC0FD2E71CE}.Release|x64.Build.0 = Release|x64
		{AD854D75-9A12-413E-AC8B-1F37296CB8DF}.Debug|Mixed Platforms.ActiveCfg = Debug|Win32
		{AD854D75-9A12-413E-AC8B-1F37296CB8DF}.Debug|Mixed Platforms.Build.0 = Debug|Win32
		{AD854D75-9A12-413E-AC8B-1F37296CB8DF}.Debug|Win32.ActiveCfg = Debug|Win32
		{AD854D75-9A12-413E-AC8B-1F37296CB8DF}.Debug|Win32.Build.0 = Debug|Win32
		{AD854D75-9A12-413E-AC8B-1F37296CB8DF}.Debug|x64.ActiveCfg = Debug|x64
		{AD854D75-9A12-413E-AC8B-1F37296CB8DF}.Debug|x64.Build.0 = Debug|x64
		{AD854D75-9A12-413E-AC8B-1F37296CB8DF}.Release|Mixed Platforms.ActiveCfg = Release|Win32
		{AD854D75-9A12-413E-AC8B-1F37296CB8DF}.Release|Mixed Platforms.Build.0 = Release|Win32
		{AD854D75-9A12-413E-AC8B-1F37296CB8DF}.Release|Win32.ActiveCfg = Release|Win32
		{AD854D75-9A12-413E-AC8B-1F37296CB8DF}.Release|Win32.Build.0 = Release|Win32
		{AD854D75-9A12-413E-AC8B-1F37296CB8DF}.Release|x64.ActiveCfg = Release|x64
		{AD854D75-9A12-413E-AC8B-1F37296CB8DF}.Release|x64.Build.0 = Release|x64
		{B1F9D5BC-258D-4C55-A154-5ECDDF9641DE}.Debug|Mixed Platforms.ActiveCfg = Debug|Win32
		{B1F9D5BC-258D-4C55-A154-5ECDDF9641DE}.Debug|Mixed Platforms.Build.0 = Debug|Win32
		{B1F9D5BC-258D-4C55-A154-5ECDDF9641DE}.Debug|Win32.ActiveCfg = Debug|Win32
		{B1F9D5BC-258D-4C55-A154-5ECDDF9641DE}.Debug|Win32.Build.0 = Debug|Win32
		{B1F9D5BC-258D-4C55-A154-5ECDDF9641DE}.Debug|x64.ActiveCfg = Debug|x64
		{B1F9D5BC-258D-4C55-A154-5ECDDF9641DE}.Debug|x64.Build.0 = Debug|x64
		{B1F9D5BC-258D-4C55-A154-5ECDDF9641DE}.Release|Mixed Platforms.ActiveCfg = Release|Win32
		{B1F9D5BC-258D-4C55-A154-5ECDDF9641DE}.Release|Mixed Platforms.Build.0 = Release|Win32
		{B1F9D5BC-258D-4C55-A154-5ECDDF9641DE}.Release|Win32.ActiveCfg = Release|Win32
		{B1F9D5BC-258D-4C55-A154-5ECDDF9641DE}.Release|Win32.Build.0 = Release|Win32
		{B1F9D5BC-258D-4C55-A154-5ECDDF9641DE}.Release|x64.ActiveCfg = Release|x64
		{B1F9D5BC-258D-4C55-A154-5ECDDF9641DE}.Release|x64.Build.0 = Release|x64
		{F43EC854-1314-4297-837B-F2A7FBCA4B26}.Debug|Mixed Platforms.ActiveCfg = Debug|Win32
		{F43EC854-1314-4297-837B-F2A7FBCA4B26}.Debug|Mixed Platforms.Build.0 = Debug|Win32
		{F43EC854-1314-4297-837B-F2A7FBCA4B26}.Debug|Win32.ActiveCfg = Debug|Win32
		{F43EC854-1314-4297-837B-F2A7FBCA4B26}.Debug|Win32.Build.0 = Debug|Win32
		{F43EC854-1314-4297-837B-F2A7FBCA4B26}.Debug|x64.ActiveCfg = Debug|Win32
		{F43EC854-1314-4297-837B-F2A7FBCA4B26}.Release|Mixed Platforms.ActiveCfg = Release|Win32
		{F43EC854-1314-4297-837B-F2A7FBCA4B26}.Release|Mixed Platforms.Build.0 = Release|Win32
		{F43EC854-1314-4297-837B-F2A7FBCA4B26}.Release|Win32.ActiveCfg = Release|Win32
		{F43EC854-1314-4297-837B-F2A7FBCA4B26}.Release|Win32.Build.0 = Release|Win32
		{F43EC854-1314-4297-837B-F2A7FBCA4B26}.Release|x64.ActiveCfg = Release|Win32
	EndGlobalSection
	GlobalSection(SolutionProperties) = preSolution
		HideSolutionNode = FALSE
	EndGlobalSection
	GlobalSection(NestedProjects) = preSolution
		{2668DB26-54D6-4D52-A34D-115B9EB0A8C8} = {26D83D6E-31B7-44F2-AA02-F353A0D79023}
		{8AA1CD74-0FC8-4F7A-8299-81B6E5856181} = {26D83D6E-31B7-44F2-AA02-F353A0D79023}
		{F4FB9D4B-8041-4C4E-8EA3-7EA57B7CB1BA} = {26D83D6E-31B7-44F2-AA02-F353A0D79023}
		{69FFDF3B-B4E4-465E-A02A-83D5472F2B7C} = {2668DB26-54D6-4D52-A34D-115B9EB0A8C8}
		{F201D5D7-F12F-4487-9A1D-6F23C240EA53} = {2668DB26-54D6-4D52-A34D-115B9EB0A8C8}
		{08BAD763-8922-4054-994E-192AB6834DBE} = {2668DB26-54D6-4D52-A34D-115B9EB0A8C8}
		{662A8E06-04FA-4FCA-952E-3A8BFD34B377} = {2668DB26-54D6-4D52-A34D-115B9EB0A8C8}
		{91FDB116-88B9-4EF9-B229-5E0B6E04D219} = {D75FF316-E3D5-4DB1-A51E-B139987AF667}
		{983C83BF-7EC1-470D-B231-52551DE422BA} = {2668DB26-54D6-4D52-A34D-115B9EB0A8C8}
		{96454509-E3DF-45E5-B604-7D7B85A0FFEC} = {D75FF316-E3D5-4DB1-A51E-B139987AF667}
		{B3A95275-FCF5-4457-9AE8-0B9916B0AECB} = {D056DAF7-2214-485C-89CA-E92BF1296860}
		{96F8096C-0212-48AB-9DC3-5530E0751F4A} = {D75FF316-E3D5-4DB1-A51E-B139987AF667}
		{567679D6-0128-4D5D-9CD3-A67269EF356F} = {F6EBE292-5529-4F68-B152-9A4DBC385127}
		{1041595A-F33C-497D-80BD-D3723DA0C9AD} = {26D83D6E-31B7-44F2-AA02-F353A0D79023}
		{18D79E3E-E045-49EE-BE35-09F4D9A65755} = {F3EBF29C-2CCD-4115-BFFF-A783D74610F6}
		{F108C408-570A-4375-968D-BB5BD54DABF6} = {F3EBF29C-2CCD-4115-BFFF-A783D74610F6}
		{E794EE7C-DFB2-4A5C-962D-EAC0FD2E71CE} = {D056DAF7-2214-485C-89CA-E92BF1296860}
		{AD854D75-9A12-413E-AC8B-1F37296CB8DF} = {D75FF316-E3D5-4DB1-A51E-B139987AF667}
		{B1F9D5BC-258D-4C55-A154-5ECDDF9641DE} = {F3EBF29C-2CCD-4115-BFFF-A783D74610F6}
		{F43EC854-1314-4297-837B-F2A7FBCA4B26} = {26D83D6E-31B7-44F2-AA02-F353A0D79023}
	EndGlobalSection
	GlobalSection(SubversionScc) = preSolution
		Svn-Managed = True
		Manager = AnkhSVN - Subversion Support for Visual Studio
	EndGlobalSection
EndGlobal
